
Microsoft Visual Studio Solution File, Format Version 12.00
# Visual Studio Version 17
VisualStudioVersion = 17.14.36616.10 d17.14
MinimumVisualStudioVersion = 10.0.40219.1
Project("{FAE04EC0-301F-11D3-BF4B-00C04F79EFBC}") = "DesignPatterns", "DesignPatterns.csproj", "{EC2A26E7-FF8F-452E-AD7E-B2098E4D302B}"
EndProject
Global
	GlobalSection(SolutionConfigurationPlatforms) = preSolution
		Debug|Any CPU = Debug|Any CPU
		Release|Any CPU = Release|Any CPU
	EndGlobalSection
	GlobalSection(ProjectConfigurationPlatforms) = postSolution
		{EC2A26E7-FF8F-452E-AD7E-B2098E4D302B}.Debug|Any CPU.ActiveCfg = Debug|Any CPU
		{EC2A26E7-FF8F-452E-AD7E-B2098E4D302B}.Debug|Any CPU.Build.0 = Debug|Any CPU
		{EC2A26E7-FF8F-452E-AD7E-B2098E4D302B}.Release|Any CPU.ActiveCfg = Release|Any CPU
		{EC2A26E7-FF8F-452E-AD7E-B2098E4D302B}.Release|Any CPU.Build.0 = Release|Any CPU
	EndGlobalSection
	GlobalSection(SolutionProperties) = preSolution
		HideSolutionNode = FALSE
	EndGlobalSection
	GlobalSection(ExtensibilityGlobals) = postSolution
		SolutionGuid = {DB19CF12-5ADC-41BA-BE84-7DC102F5AE48}
	EndGlobalSection
EndGlobal
